
Microsoft Visual Studio Solution File, Format Version 12.00
# Visual Studio Version 17
VisualStudioVersion = 17.13.35806.99 d17.13
MinimumVisualStudioVersion = 10.0.40219.1
Project("{FAE04EC0-301F-11D3-BF4B-00C04F79EFBC}") = "Blackjack", "Blackjack\Blackjack.csproj", "{B11555E7-1CBB-47A1-A1C6-7C514E898BB1}"
EndProject
Global
	GlobalSection(SolutionConfigurationPlatforms) = preSolution
		Debug|Any CPU = Debug|Any CPU
		Release|Any CPU = Release|Any CPU
	EndGlobalSection
	GlobalSection(ProjectConfigurationPlatforms) = postSolution
		{B11555E7-1CBB-47A1-A1C6-7C514E898BB1}.Debug|Any CPU.ActiveCfg = Debug|Any CPU
		{B11555E7-1CBB-47A1-A1C6-7C514E898BB1}.Debug|Any CPU.Build.0 = Debug|Any CPU
		{B11555E7-1CBB-47A1-A1C6-7C514E898BB1}.Release|Any CPU.ActiveCfg = Release|Any CPU
		{B11555E7-1CBB-47A1-A1C6-7C514E898BB1}.Release|Any CPU.Build.0 = Release|Any CPU
	EndGlobalSection
	GlobalSection(SolutionProperties) = preSolution
		HideSolutionNode = FALSE
	EndGlobalSection
	GlobalSection(ExtensibilityGlobals) = postSolution
		SolutionGuid = {4513FC9D-BC8F-477C-B3D4-D8606A02BB69}
	EndGlobalSection
EndGlobal
